
Microsoft Visual Studio Solution File, Format Version 12.00
# Visual Studio Version 16
VisualStudioVersion = 16.0.30406.217
MinimumVisualStudioVersion = 15.0.26124.0
Project("{2150E333-8FDC-42A3-9474-1A3956D46DE8}") = "Solution Items", "Solution Items", "{2E624F95-7919-4CF8-868D-119A9692E7F2}"
	ProjectSection(SolutionItems) = preProject
		.editorconfig = .editorconfig
		.gitattributes = .gitattributes
		.gitignore = .gitignore
		.gitmodules = .gitmodules
		.github\dependabot.yml = .github\dependabot.yml
		Directory.Build.props = Directory.Build.props
		Directory.Build.targets = Directory.Build.targets
		Directory.Meta.props = Directory.Meta.props
		LICENSE = LICENSE
	EndProjectSection
EndProject
Project("{2150E333-8FDC-42A3-9474-1A3956D46DE8}") = "src", "src", "{FE444EC8-E80C-451C-9904-A2059BC349A1}"
EndProject
Project("{9A19103F-16F7-4668-BE54-9A1E7A4F7556}") = "THNETII.SharePoint.IdentityModel", "src\THNETII.SharePoint.IdentityModel\THNETII.SharePoint.IdentityModel.csproj", "{C01C51F8-75BC-4E2B-AC80-F8F7FB2609DB}"
EndProject
Project("{2150E333-8FDC-42A3-9474-1A3956D46DE8}") = "sample", "sample", "{7520E12A-CB43-4405-863F-B8ED8A346B98}"
EndProject
Project("{9A19103F-16F7-4668-BE54-9A1E7A4F7556}") = "THNETII.SharePoint.AuthDiscoveryConsole", "sample\THNETII.SharePoint.AuthDiscoveryConsole\THNETII.SharePoint.AuthDiscoveryConsole.csproj", "{9EF51B97-DA40-4406-80BA-CF4BAC7BD2CF}"
EndProject
Project("{9A19103F-16F7-4668-BE54-9A1E7A4F7556}") = "THNETII.SharePoint.Msal", "src\THNETII.SharePoint.Msal\THNETII.SharePoint.Msal.csproj", "{C55D1FC7-FF80-4116-B99A-0E965DB76CE6}"
EndProject
Project("{9A19103F-16F7-4668-BE54-9A1E7A4F7556}") = "THNETII.SharePoint.Csom", "src\THNETII.SharePoint.Csom\THNETII.SharePoint.Csom.csproj", "{B3EC2104-837A-485A-A672-9D47D635BF6D}"
EndProject
Project("{9A19103F-16F7-4668-BE54-9A1E7A4F7556}") = "THNETII.SharePoint.PowerShell", "src\THNETII.SharePoint.PowerShell\THNETII.SharePoint.PowerShell.csproj", "{194A7B73-8D0D-4247-AA00-80AB1D0BE3E4}"
EndProject
Project("{9A19103F-16F7-4668-BE54-9A1E7A4F7556}") = "THNETII.SharePoint.DependencyInjection", "src\THNETII.SharePoint.DependencyInjection\THNETII.SharePoint.DependencyInjection.csproj", "{88C135A8-CEB8-464E-8C06-D732B88F75D4}"
EndProject
Project("{2150E333-8FDC-42A3-9474-1A3956D46DE8}") = "submodules", "submodules", "{B9C2956E-C5D6-4EE9-B727-8F161C89EC7F}"
EndProject
Project("{2150E333-8FDC-42A3-9474-1A3956D46DE8}") = "thnetii", "thnetii", "{D8D434B9-D38C-4968-B78E-138BD51A2A5E}"
EndProject
Project("{2150E333-8FDC-42A3-9474-1A3956D46DE8}") = "dotnet-command-line", "dotnet-command-line", "{C69FE427-32EA-4441-BD06-97474F614140}"
EndProject
Project("{2150E333-8FDC-42A3-9474-1A3956D46DE8}") = "src", "src", "{9A202FD2-43A4-4096-999A-1C9944A2C98A}"
EndProject
Project("{9A19103F-16F7-4668-BE54-9A1E7A4F7556}") = "THNETII.CommandLine.Hosting", "submodules\thnetii\dotnet-command-line\src\THNETII.CommandLine.Hosting\THNETII.CommandLine.Hosting.csproj", "{74B16DC7-987C-4A09-8CE8-063F66FD9AAD}"
EndProject
Project("{2150E333-8FDC-42A3-9474-1A3956D46DE8}") = "msal-extensions", "msal-extensions", "{21078BF4-9E57-4BC1-AD3D-7BFAFDC84C2A}"
EndProject
Project("{2150E333-8FDC-42A3-9474-1A3956D46DE8}") = "src", "src", "{B246D338-C53A-4F4B-A2D3-E2EB1EB439F0}"
EndProject
Project("{9A19103F-16F7-4668-BE54-9A1E7A4F7556}") = "THNETII.Msal.PowerShell", "submodules\thnetii\msal-extensions\src\THNETII.Msal.PowerShell\THNETII.Msal.PowerShell.csproj", "{6301B458-5996-4F34-AB14-B2F32683C53C}"
EndProject
Project("{9A19103F-16F7-4668-BE54-9A1E7A4F7556}") = "THNETII.Msal.Extensions", "submodules\thnetii\msal-extensions\src\THNETII.Msal.Extensions\THNETII.Msal.Extensions.csproj", "{6F9BBAAE-5EDD-4CF1-81B3-CBFC678B516A}"
EndProject
Project("{2150E333-8FDC-42A3-9474-1A3956D46DE8}") = "submodules", "submodules", "{FBA4292F-D3F1-46B1-9EA8-894362F61BFA}"
EndProject
Project("{2150E333-8FDC-42A3-9474-1A3956D46DE8}") = "thnetii", "thnetii", "{7BA3AC58-3463-46D3-87D7-CF1091562FD0}"
EndProject
Project("{2150E333-8FDC-42A3-9474-1A3956D46DE8}") = "dotnet-logging", "dotnet-logging", "{E49424FF-7DDD-461C-B2E1-FBA3AD60EB5B}"
EndProject
Project("{2150E333-8FDC-42A3-9474-1A3956D46DE8}") = "src", "src", "{D81E88D9-BF75-41E4-ABBB-B205711DE9C4}"
EndProject
Project("{9A19103F-16F7-4668-BE54-9A1E7A4F7556}") = "THNETII.Logging.DiagnosticsForwarding", "submodules\thnetii\msal-extensions\submodules\thnetii\dotnet-logging\src\THNETII.Logging.DiagnosticsForwarding\THNETII.Logging.DiagnosticsForwarding.csproj", "{84E2A97D-0A81-4E50-A58C-B4652E1519DE}"
EndProject
Project("{9A19103F-16F7-4668-BE54-9A1E7A4F7556}") = "THNETII.SharePoint.BearerAuthorization", "src\THNETII.SharePoint.BearerAuthorization\THNETII.SharePoint.BearerAuthorization.csproj", "{968E2B3A-5775-4C01-9C3C-D63C66F14A45}"
EndProject
Project("{9A19103F-16F7-4668-BE54-9A1E7A4F7556}") = "THNETII.SharePoint.AzureAcs.Protocol", "src\THNETII.SharePoint.AzureAcs.Protocol\THNETII.SharePoint.AzureAcs.Protocol.csproj", "{1450AF8B-B6BA-49F3-89E6-FA3A9CC9EA2D}"
EndProject
Project("{2150E333-8FDC-42A3-9474-1A3956D46DE8}") = "test", "test", "{9979287B-01F8-4C34-BB2C-20316C9032E0}"
EndProject
Project("{9A19103F-16F7-4668-BE54-9A1E7A4F7556}") = "THNETII.SharePoint.Test", "test\THNETII.SharePoint.Test\THNETII.SharePoint.Test.csproj", "{82D362D0-A2EC-42E8-9C32-E6218146D130}"
EndProject
Global
	GlobalSection(SolutionConfigurationPlatforms) = preSolution
		Debug|Any CPU = Debug|Any CPU
		Debug|x64 = Debug|x64
		Debug|x86 = Debug|x86
		Release|Any CPU = Release|Any CPU
		Release|x64 = Release|x64
		Release|x86 = Release|x86
	EndGlobalSection
	GlobalSection(ProjectConfigurationPlatforms) = postSolution
		{C01C51F8-75BC-4E2B-AC80-F8F7FB2609DB}.Debug|Any CPU.ActiveCfg = Debug|Any CPU
		{C01C51F8-75BC-4E2B-AC80-F8F7FB2609DB}.Debug|Any CPU.Build.0 = Debug|Any CPU
		{C01C51F8-75BC-4E2B-AC80-F8F7FB2609DB}.Debug|x64.ActiveCfg = Debug|Any CPU
		{C01C51F8-75BC-4E2B-AC80-F8F7FB2609DB}.Debug|x64.Build.0 = Debug|Any CPU
		{C01C51F8-75BC-4E2B-AC80-F8F7FB2609DB}.Debug|x86.ActiveCfg = Debug|Any CPU
		{C01C51F8-75BC-4E2B-AC80-F8F7FB2609DB}.Debug|x86.Build.0 = Debug|Any CPU
		{C01C51F8-75BC-4E2B-AC80-F8F7FB2609DB}.Release|Any CPU.ActiveCfg = Release|Any CPU
		{C01C51F8-75BC-4E2B-AC80-F8F7FB2609DB}.Release|Any CPU.Build.0 = Release|Any CPU
		{C01C51F8-75BC-4E2B-AC80-F8F7FB2609DB}.Release|x64.ActiveCfg = Release|Any CPU
		{C01C51F8-75BC-4E2B-AC80-F8F7FB2609DB}.Release|x64.Build.0 = Release|Any CPU
		{C01C51F8-75BC-4E2B-AC80-F8F7FB2609DB}.Release|x86.ActiveCfg = Release|Any CPU
		{C01C51F8-75BC-4E2B-AC80-F8F7FB2609DB}.Release|x86.Build.0 = Release|Any CPU
		{9EF51B97-DA40-4406-80BA-CF4BAC7BD2CF}.Debug|Any CPU.ActiveCfg = Debug|Any CPU
		{9EF51B97-DA40-4406-80BA-CF4BAC7BD2CF}.Debug|Any CPU.Build.0 = Debug|Any CPU
		{9EF51B97-DA40-4406-80BA-CF4BAC7BD2CF}.Debug|x64.ActiveCfg = Debug|Any CPU
		{9EF51B97-DA40-4406-80BA-CF4BAC7BD2CF}.Debug|x64.Build.0 = Debug|Any CPU
		{9EF51B97-DA40-4406-80BA-CF4BAC7BD2CF}.Debug|x86.ActiveCfg = Debug|Any CPU
		{9EF51B97-DA40-4406-80BA-CF4BAC7BD2CF}.Debug|x86.Build.0 = Debug|Any CPU
		{9EF51B97-DA40-4406-80BA-CF4BAC7BD2CF}.Release|Any CPU.ActiveCfg = Release|Any CPU
		{9EF51B97-DA40-4406-80BA-CF4BAC7BD2CF}.Release|Any CPU.Build.0 = Release|Any CPU
		{9EF51B97-DA40-4406-80BA-CF4BAC7BD2CF}.Release|x64.ActiveCfg = Release|Any CPU
		{9EF51B97-DA40-4406-80BA-CF4BAC7BD2CF}.Release|x64.Build.0 = Release|Any CPU
		{9EF51B97-DA40-4406-80BA-CF4BAC7BD2CF}.Release|x86.ActiveCfg = Release|Any CPU
		{9EF51B97-DA40-4406-80BA-CF4BAC7BD2CF}.Release|x86.Build.0 = Release|Any CPU
		{C55D1FC7-FF80-4116-B99A-0E965DB76CE6}.Debug|Any CPU.ActiveCfg = Debug|Any CPU
		{C55D1FC7-FF80-4116-B99A-0E965DB76CE6}.Debug|Any CPU.Build.0 = Debug|Any CPU
		{C55D1FC7-FF80-4116-B99A-0E965DB76CE6}.Debug|x64.ActiveCfg = Debug|Any CPU
		{C55D1FC7-FF80-4116-B99A-0E965DB76CE6}.Debug|x64.Build.0 = Debug|Any CPU
		{C55D1FC7-FF80-4116-B99A-0E965DB76CE6}.Debug|x86.ActiveCfg = Debug|Any CPU
		{C55D1FC7-FF80-4116-B99A-0E965DB76CE6}.Debug|x86.Build.0 = Debug|Any CPU
		{C55D1FC7-FF80-4116-B99A-0E965DB76CE6}.Release|Any CPU.ActiveCfg = Release|Any CPU
		{C55D1FC7-FF80-4116-B99A-0E965DB76CE6}.Release|Any CPU.Build.0 = Release|Any CPU
		{C55D1FC7-FF80-4116-B99A-0E965DB76CE6}.Release|x64.ActiveCfg = Release|Any CPU
		{C55D1FC7-FF80-4116-B99A-0E965DB76CE6}.Release|x64.Build.0 = Release|Any CPU
		{C55D1FC7-FF80-4116-B99A-0E965DB76CE6}.Release|x86.ActiveCfg = Release|Any CPU
		{C55D1FC7-FF80-4116-B99A-0E965DB76CE6}.Release|x86.Build.0 = Release|Any CPU
		{B3EC2104-837A-485A-A672-9D47D635BF6D}.Debug|Any CPU.ActiveCfg = Debug|Any CPU
		{B3EC2104-837A-485A-A672-9D47D635BF6D}.Debug|Any CPU.Build.0 = Debug|Any CPU
		{B3EC2104-837A-485A-A672-9D47D635BF6D}.Debug|x64.ActiveCfg = Debug|Any CPU
		{B3EC2104-837A-485A-A672-9D47D635BF6D}.Debug|x64.Build.0 = Debug|Any CPU
		{B3EC2104-837A-485A-A672-9D47D635BF6D}.Debug|x86.ActiveCfg = Debug|Any CPU
		{B3EC2104-837A-485A-A672-9D47D635BF6D}.Debug|x86.Build.0 = Debug|Any CPU
		{B3EC2104-837A-485A-A672-9D47D635BF6D}.Release|Any CPU.ActiveCfg = Release|Any CPU
		{B3EC2104-837A-485A-A672-9D47D635BF6D}.Release|Any CPU.Build.0 = Release|Any CPU
		{B3EC2104-837A-485A-A672-9D47D635BF6D}.Release|x64.ActiveCfg = Release|Any CPU
		{B3EC2104-837A-485A-A672-9D47D635BF6D}.Release|x64.Build.0 = Release|Any CPU
		{B3EC2104-837A-485A-A672-9D47D635BF6D}.Release|x86.ActiveCfg = Release|Any CPU
		{B3EC2104-837A-485A-A672-9D47D635BF6D}.Release|x86.Build.0 = Release|Any CPU
		{194A7B73-8D0D-4247-AA00-80AB1D0BE3E4}.Debug|Any CPU.ActiveCfg = Debug|Any CPU
		{194A7B73-8D0D-4247-AA00-80AB1D0BE3E4}.Debug|Any CPU.Build.0 = Debug|Any CPU
		{194A7B73-8D0D-4247-AA00-80AB1D0BE3E4}.Debug|x64.ActiveCfg = Debug|Any CPU
		{194A7B73-8D0D-4247-AA00-80AB1D0BE3E4}.Debug|x64.Build.0 = Debug|Any CPU
		{194A7B73-8D0D-4247-AA00-80AB1D0BE3E4}.Debug|x86.ActiveCfg = Debug|Any CPU
		{194A7B73-8D0D-4247-AA00-80AB1D0BE3E4}.Debug|x86.Build.0 = Debug|Any CPU
		{194A7B73-8D0D-4247-AA00-80AB1D0BE3E4}.Release|Any CPU.ActiveCfg = Release|Any CPU
		{194A7B73-8D0D-4247-AA00-80AB1D0BE3E4}.Release|Any CPU.Build.0 = Release|Any CPU
		{194A7B73-8D0D-4247-AA00-80AB1D0BE3E4}.Release|x64.ActiveCfg = Release|Any CPU
		{194A7B73-8D0D-4247-AA00-80AB1D0BE3E4}.Release|x64.Build.0 = Release|Any CPU
		{194A7B73-8D0D-4247-AA00-80AB1D0BE3E4}.Release|x86.ActiveCfg = Release|Any CPU
		{194A7B73-8D0D-4247-AA00-80AB1D0BE3E4}.Release|x86.Build.0 = Release|Any CPU
		{88C135A8-CEB8-464E-8C06-D732B88F75D4}.Debug|Any CPU.ActiveCfg = Debug|Any CPU
		{88C135A8-CEB8-464E-8C06-D732B88F75D4}.Debug|Any CPU.Build.0 = Debug|Any CPU
		{88C135A8-CEB8-464E-8C06-D732B88F75D4}.Debug|x64.ActiveCfg = Debug|Any CPU
		{88C135A8-CEB8-464E-8C06-D732B88F75D4}.Debug|x64.Build.0 = Debug|Any CPU
		{88C135A8-CEB8-464E-8C06-D732B88F75D4}.Debug|x86.ActiveCfg = Debug|Any CPU
		{88C135A8-CEB8-464E-8C06-D732B88F75D4}.Debug|x86.Build.0 = Debug|Any CPU
		{88C135A8-CEB8-464E-8C06-D732B88F75D4}.Release|Any CPU.ActiveCfg = Release|Any CPU
		{88C135A8-CEB8-464E-8C06-D732B88F75D4}.Release|Any CPU.Build.0 = Release|Any CPU
		{88C135A8-CEB8-464E-8C06-D732B88F75D4}.Release|x64.ActiveCfg = Release|Any CPU
		{88C135A8-CEB8-464E-8C06-D732B88F75D4}.Release|x64.Build.0 = Release|Any CPU
		{88C135A8-CEB8-464E-8C06-D732B88F75D4}.Release|x86.ActiveCfg = Release|Any CPU
		{88C135A8-CEB8-464E-8C06-D732B88F75D4}.Release|x86.Build.0 = Release|Any CPU
		{74B16DC7-987C-4A09-8CE8-063F66FD9AAD}.Debug|Any CPU.ActiveCfg = Debug|Any CPU
		{74B16DC7-987C-4A09-8CE8-063F66FD9AAD}.Debug|Any CPU.Build.0 = Debug|Any CPU
		{74B16DC7-987C-4A09-8CE8-063F66FD9AAD}.Debug|x64.ActiveCfg = Debug|Any CPU
		{74B16DC7-987C-4A09-8CE8-063F66FD9AAD}.Debug|x64.Build.0 = Debug|Any CPU
		{74B16DC7-987C-4A09-8CE8-063F66FD9AAD}.Debug|x86.ActiveCfg = Debug|Any CPU
		{74B16DC7-987C-4A09-8CE8-063F66FD9AAD}.Debug|x86.Build.0 = Debug|Any CPU
		{74B16DC7-987C-4A09-8CE8-063F66FD9AAD}.Release|Any CPU.ActiveCfg = Release|Any CPU
		{74B16DC7-987C-4A09-8CE8-063F66FD9AAD}.Release|Any CPU.Build.0 = Release|Any CPU
		{74B16DC7-987C-4A09-8CE8-063F66FD9AAD}.Release|x64.ActiveCfg = Release|Any CPU
		{74B16DC7-987C-4A09-8CE8-063F66FD9AAD}.Release|x64.Build.0 = Release|Any CPU
		{74B16DC7-987C-4A09-8CE8-063F66FD9AAD}.Release|x86.ActiveCfg = Release|Any CPU
		{74B16DC7-987C-4A09-8CE8-063F66FD9AAD}.Release|x86.Build.0 = Release|Any CPU
		{6301B458-5996-4F34-AB14-B2F32683C53C}.Debug|Any CPU.ActiveCfg = Debug|Any CPU
		{6301B458-5996-4F34-AB14-B2F32683C53C}.Debug|Any CPU.Build.0 = Debug|Any CPU
		{6301B458-5996-4F34-AB14-B2F32683C53C}.Debug|x64.ActiveCfg = Debug|Any CPU
		{6301B458-5996-4F34-AB14-B2F32683C53C}.Debug|x64.Build.0 = Debug|Any CPU
		{6301B458-5996-4F34-AB14-B2F32683C53C}.Debug|x86.ActiveCfg = Debug|Any CPU
		{6301B458-5996-4F34-AB14-B2F32683C53C}.Debug|x86.Build.0 = Debug|Any CPU
		{6301B458-5996-4F34-AB14-B2F32683C53C}.Release|Any CPU.ActiveCfg = Release|Any CPU
		{6301B458-5996-4F34-AB14-B2F32683C53C}.Release|Any CPU.Build.0 = Release|Any CPU
		{6301B458-5996-4F34-AB14-B2F32683C53C}.Release|x64.ActiveCfg = Release|Any CPU
		{6301B458-5996-4F34-AB14-B2F32683C53C}.Release|x64.Build.0 = Release|Any CPU
		{6301B458-5996-4F34-AB14-B2F32683C53C}.Release|x86.ActiveCfg = Release|Any CPU
		{6301B458-5996-4F34-AB14-B2F32683C53C}.Release|x86.Build.0 = Release|Any CPU
		{6F9BBAAE-5EDD-4CF1-81B3-CBFC678B516A}.Debug|Any CPU.ActiveCfg = Debug|Any CPU
		{6F9BBAAE-5EDD-4CF1-81B3-CBFC678B516A}.Debug|Any CPU.Build.0 = Debug|Any CPU
		{6F9BBAAE-5EDD-4CF1-81B3-CBFC678B516A}.Debug|x64.ActiveCfg = Debug|Any CPU
		{6F9BBAAE-5EDD-4CF1-81B3-CBFC678B516A}.Debug|x64.Build.0 = Debug|Any CPU
		{6F9BBAAE-5EDD-4CF1-81B3-CBFC678B516A}.Debug|x86.ActiveCfg = Debug|Any CPU
		{6F9BBAAE-5EDD-4CF1-81B3-CBFC678B516A}.Debug|x86.Build.0 = Debug|Any CPU
		{6F9BBAAE-5EDD-4CF1-81B3-CBFC678B516A}.Release|Any CPU.ActiveCfg = Release|Any CPU
		{6F9BBAAE-5EDD-4CF1-81B3-CBFC678B516A}.Release|Any CPU.Build.0 = Release|Any CPU
		{6F9BBAAE-5EDD-4CF1-81B3-CBFC678B516A}.Release|x64.ActiveCfg = Release|Any CPU
		{6F9BBAAE-5EDD-4CF1-81B3-CBFC678B516A}.Release|x64.Build.0 = Release|Any CPU
		{6F9BBAAE-5EDD-4CF1-81B3-CBFC678B516A}.Release|x86.ActiveCfg = Release|Any CPU
		{6F9BBAAE-5EDD-4CF1-81B3-CBFC678B516A}.Release|x86.Build.0 = Release|Any CPU
		{84E2A97D-0A81-4E50-A58C-B4652E1519DE}.Debug|Any CPU.ActiveCfg = Debug|Any CPU
		{84E2A97D-0A81-4E50-A58C-B4652E1519DE}.Debug|Any CPU.Build.0 = Debug|Any CPU
		{84E2A97D-0A81-4E50-A58C-B4652E1519DE}.Debug|x64.ActiveCfg = Debug|Any CPU
		{84E2A97D-0A81-4E50-A58C-B4652E1519DE}.Debug|x64.Build.0 = Debug|Any CPU
		{84E2A97D-0A81-4E50-A58C-B4652E1519DE}.Debug|x86.ActiveCfg = Debug|Any CPU
		{84E2A97D-0A81-4E50-A58C-B4652E1519DE}.Debug|x86.Build.0 = Debug|Any CPU
		{84E2A97D-0A81-4E50-A58C-B4652E1519DE}.Release|Any CPU.ActiveCfg = Release|Any CPU
		{84E2A97D-0A81-4E50-A58C-B4652E1519DE}.Release|Any CPU.Build.0 = Release|Any CPU
		{84E2A97D-0A81-4E50-A58C-B4652E1519DE}.Release|x64.ActiveCfg = Release|Any CPU
		{84E2A97D-0A81-4E50-A58C-B4652E1519DE}.Release|x64.Build.0 = Release|Any CPU
		{84E2A97D-0A81-4E50-A58C-B4652E1519DE}.Release|x86.ActiveCfg = Release|Any CPU
		{84E2A97D-0A81-4E50-A58C-B4652E1519DE}.Release|x86.Build.0 = Release|Any CPU
		{968E2B3A-5775-4C01-9C3C-D63C66F14A45}.Debug|Any CPU.ActiveCfg = Debug|Any CPU
		{968E2B3A-5775-4C01-9C3C-D63C66F14A45}.Debug|Any CPU.Build.0 = Debug|Any CPU
		{968E2B3A-5775-4C01-9C3C-D63C66F14A45}.Debug|x64.ActiveCfg = Debug|Any CPU
		{968E2B3A-5775-4C01-9C3C-D63C66F14A45}.Debug|x64.Build.0 = Debug|Any CPU
		{968E2B3A-5775-4C01-9C3C-D63C66F14A45}.Debug|x86.ActiveCfg = Debug|Any CPU
		{968E2B3A-5775-4C01-9C3C-D63C66F14A45}.Debug|x86.Build.0 = Debug|Any CPU
		{968E2B3A-5775-4C01-9C3C-D63C66F14A45}.Release|Any CPU.ActiveCfg = Release|Any CPU
		{968E2B3A-5775-4C01-9C3C-D63C66F14A45}.Release|Any CPU.Build.0 = Release|Any CPU
		{968E2B3A-5775-4C01-9C3C-D63C66F14A45}.Release|x64.ActiveCfg = Release|Any CPU
		{968E2B3A-5775-4C01-9C3C-D63C66F14A45}.Release|x64.Build.0 = Release|Any CPU
		{968E2B3A-5775-4C01-9C3C-D63C66F14A45}.Release|x86.ActiveCfg = Release|Any CPU
		{968E2B3A-5775-4C01-9C3C-D63C66F14A45}.Release|x86.Build.0 = Release|Any CPU
		{1450AF8B-B6BA-49F3-89E6-FA3A9CC9EA2D}.Debug|Any CPU.ActiveCfg = Debug|Any CPU
		{1450AF8B-B6BA-49F3-89E6-FA3A9CC9EA2D}.Debug|Any CPU.Build.0 = Debug|Any CPU
		{1450AF8B-B6BA-49F3-89E6-FA3A9CC9EA2D}.Debug|x64.ActiveCfg = Debug|Any CPU
		{1450AF8B-B6BA-49F3-89E6-FA3A9CC9EA2D}.Debug|x64.Build.0 = Debug|Any CPU
		{1450AF8B-B6BA-49F3-89E6-FA3A9CC9EA2D}.Debug|x86.ActiveCfg = Debug|Any CPU
		{1450AF8B-B6BA-49F3-89E6-FA3A9CC9EA2D}.Debug|x86.Build.0 = Debug|Any CPU
		{1450AF8B-B6BA-49F3-89E6-FA3A9CC9EA2D}.Release|Any CPU.ActiveCfg = Release|Any CPU
		{1450AF8B-B6BA-49F3-89E6-FA3A9CC9EA2D}.Release|Any CPU.Build.0 = Release|Any CPU
		{1450AF8B-B6BA-49F3-89E6-FA3A9CC9EA2D}.Release|x64.ActiveCfg = Release|Any CPU
		{1450AF8B-B6BA-49F3-89E6-FA3A9CC9EA2D}.Release|x64.Build.0 = Release|Any CPU
		{1450AF8B-B6BA-49F3-89E6-FA3A9CC9EA2D}.Release|x86.ActiveCfg = Release|Any CPU
		{1450AF8B-B6BA-49F3-89E6-FA3A9CC9EA2D}.Release|x86.Build.0 = Release|Any CPU
		{82D362D0-A2EC-42E8-9C32-E6218146D130}.Debug|Any CPU.ActiveCfg = Debug|Any CPU
		{82D362D0-A2EC-42E8-9C32-E6218146D130}.Debug|Any CPU.Build.0 = Debug|Any CPU
		{82D362D0-A2EC-42E8-9C32-E6218146D130}.Debug|x64.ActiveCfg = Debug|Any CPU
		{82D362D0-A2EC-42E8-9C32-E6218146D130}.Debug|x64.Build.0 = Debug|Any CPU
		{82D362D0-A2EC-42E8-9C32-E6218146D130}.Debug|x86.ActiveCfg = Debug|Any CPU
		{82D362D0-A2EC-42E8-9C32-E6218146D130}.Debug|x86.Build.0 = Debug|Any CPU
		{82D362D0-A2EC-42E8-9C32-E6218146D130}.Release|Any CPU.ActiveCfg = Release|Any CPU
		{82D362D0-A2EC-42E8-9C32-E6218146D130}.Release|Any CPU.Build.0 = Release|Any CPU
		{82D362D0-A2EC-42E8-9C32-E6218146D130}.Release|x64.ActiveCfg = Release|Any CPU
		{82D362D0-A2EC-42E8-9C32-E6218146D130}.Release|x64.Build.0 = Release|Any CPU
		{82D362D0-A2EC-42E8-9C32-E6218146D130}.Release|x86.ActiveCfg = Release|Any CPU
		{82D362D0-A2EC-42E8-9C32-E6218146D130}.Release|x86.Build.0 = Release|Any CPU
	EndGlobalSection
	GlobalSection(SolutionProperties) = preSolution
		HideSolutionNode = FALSE
	EndGlobalSection
	GlobalSection(NestedProjects) = preSolution
		{C01C51F8-75BC-4E2B-AC80-F8F7FB2609DB} = {FE444EC8-E80C-451C-9904-A2059BC349A1}
		{9EF51B97-DA40-4406-80BA-CF4BAC7BD2CF} = {7520E12A-CB43-4405-863F-B8ED8A346B98}
		{C55D1FC7-FF80-4116-B99A-0E965DB76CE6} = {FE444EC8-E80C-451C-9904-A2059BC349A1}
		{B3EC2104-837A-485A-A672-9D47D635BF6D} = {FE444EC8-E80C-451C-9904-A2059BC349A1}
		{194A7B73-8D0D-4247-AA00-80AB1D0BE3E4} = {FE444EC8-E80C-451C-9904-A2059BC349A1}
		{88C135A8-CEB8-464E-8C06-D732B88F75D4} = {FE444EC8-E80C-451C-9904-A2059BC349A1}
		{D8D434B9-D38C-4968-B78E-138BD51A2A5E} = {B9C2956E-C5D6-4EE9-B727-8F161C89EC7F}
		{C69FE427-32EA-4441-BD06-97474F614140} = {D8D434B9-D38C-4968-B78E-138BD51A2A5E}
		{9A202FD2-43A4-4096-999A-1C9944A2C98A} = {C69FE427-32EA-4441-BD06-97474F614140}
		{74B16DC7-987C-4A09-8CE8-063F66FD9AAD} = {9A202FD2-43A4-4096-999A-1C9944A2C98A}
		{21078BF4-9E57-4BC1-AD3D-7BFAFDC84C2A} = {D8D434B9-D38C-4968-B78E-138BD51A2A5E}
		{B246D338-C53A-4F4B-A2D3-E2EB1EB439F0} = {21078BF4-9E57-4BC1-AD3D-7BFAFDC84C2A}
		{6301B458-5996-4F34-AB14-B2F32683C53C} = {B246D338-C53A-4F4B-A2D3-E2EB1EB439F0}
		{6F9BBAAE-5EDD-4CF1-81B3-CBFC678B516A} = {B246D338-C53A-4F4B-A2D3-E2EB1EB439F0}
		{FBA4292F-D3F1-46B1-9EA8-894362F61BFA} = {21078BF4-9E57-4BC1-AD3D-7BFAFDC84C2A}
		{7BA3AC58-3463-46D3-87D7-CF1091562FD0} = {FBA4292F-D3F1-46B1-9EA8-894362F61BFA}
		{E49424FF-7DDD-461C-B2E1-FBA3AD60EB5B} = {7BA3AC58-3463-46D3-87D7-CF1091562FD0}
		{D81E88D9-BF75-41E4-ABBB-B205711DE9C4} = {E49424FF-7DDD-461C-B2E1-FBA3AD60EB5B}
		{84E2A97D-0A81-4E50-A58C-B4652E1519DE} = {D81E88D9-BF75-41E4-ABBB-B205711DE9C4}
		{968E2B3A-5775-4C01-9C3C-D63C66F14A45} = {FE444EC8-E80C-451C-9904-A2059BC349A1}
		{1450AF8B-B6BA-49F3-89E6-FA3A9CC9EA2D} = {FE444EC8-E80C-451C-9904-A2059BC349A1}
		{82D362D0-A2EC-42E8-9C32-E6218146D130} = {9979287B-01F8-4C34-BB2C-20316C9032E0}
	EndGlobalSection
	GlobalSection(ExtensibilityGlobals) = postSolution
		SolutionGuid = {53C9A738-B259-4812-BEEC-1F362838E0EC}
	EndGlobalSection
EndGlobal
